// !$*UTF8*$!
{
	archiveVersion = 1;
	classes = {
	};
	objectVersion = 50;
	objects = {

/* Begin PBXBuildFile section */
		69A8861722BC0911005FFCB0 /* AppDelegate.swift in Sources */ = {isa = PBXBuildFile; fileRef = 69A8861622BC0911005FFCB0 /* AppDelegate.swift */; };
		69A8861922BC0911005FFCB0 /* ViewController.swift in Sources */ = {isa = PBXBuildFile; fileRef = 69A8861822BC0911005FFCB0 /* ViewController.swift */; };
		69A8861C22BC0911005FFCB0 /* Main.storyboard in Resources */ = {isa = PBXBuildFile; fileRef = 69A8861A22BC0911005FFCB0 /* Main.storyboard */; };
		69A8861E22BC091A005FFCB0 /* Assets.xcassets in Resources */ = {isa = PBXBuildFile; fileRef = 69A8861D22BC091A005FFCB0 /* Assets.xcassets */; };
		69A8862122BC091A005FFCB0 /* LaunchScreen.storyboard in Resources */ = {isa = PBXBuildFile; fileRef = 69A8861F22BC091A005FFCB0 /* LaunchScreen.storyboard */; };
/* End PBXBuildFile section */

/* Begin PBXFileReference section */
		69A8861322BC0911005FFCB0 /* Navigation Segue.app */ = {isa = PBXFileReference; explicitFileType = wrapper.application; includeInIndex = 0; path = "Navigation Segue.app"; sourceTree = BUILT_PRODUCTS_DIR; };
		69A8861622BC0911005FFCB0 /* AppDelegate.swift */ = {isa = PBXFileReference; lastKnownFileType = sourcecode.swift; path = AppDelegate.swift; sourceTree = "<group>"; };
		69A8861822BC0911005FFCB0 /* ViewController.swift */ = {isa = PBXFileReference; lastKnownFileType = sourcecode.swift; path = ViewController.swift; sourceTree = "<group>"; };
		69A8861B22BC0911005FFCB0 /* Base */ = {isa = PBXFileReference; lastKnownFileType = file.storyboard; name = Base; path = Base.lproj/Main.storyboard; sourceTree = "<group>"; };
		69A8861D22BC091A005FFCB0 /* Assets.xcassets */ = {isa = PBXFileReference; lastKnownFileType = folder.assetcatalog; path = Assets.xcassets; sourceTree = "<group>"; };
		69A8862022BC091A005FFCB0 /* Base */ = {isa = PBXFileReference; lastKnownFileType = file.storyboard; name = Base; path = Base.lproj/LaunchScreen.storyboard; sourceTree = "<group>"; };
		69A8862222BC091A005FFCB0 /* Info.plist */ = {isa = PBXFileReference; lastKnownFileType = text.plist.xml; path = Info.plist; sourceTree = "<group>"; };
/* End PBXFileReference section */

/* Begin PBXFrameworksBuildPhase section */
		69A8861022BC0911005FFCB0 /* Frameworks */ = {
			isa = PBXFrameworksBuildPhase;
			buildActionMask = 2147483647;
			files = (
			);
			runOnlyForDeploymentPostprocessing = 0;
		};
/* End PBXFrameworksBuildPhase section */

/* Begin PBXGroup section */
		69A8860A22BC0911005FFCB0 = {
			isa = PBXGroup;
			children = (
				69A8861522BC0911005FFCB0 /* Navigation Segue */,
				69A8861422BC0911005FFCB0 /* Products */,
			);
			sourceTree = "<group>";
		};
		69A8861422BC0911005FFCB0 /* Products */ = {
			isa = PBXGroup;
			children = (
				69A8861322BC0911005FFCB0 /* Navigation Segue.app */,
			);
			name = Products;
			sourceTree = "<group>";
		};
		69A8861522BC0911005FFCB0 /* Navigation Segue */ = {
			isa = PBXGroup;
			children = (
				69A8862822BC0A14005FFCB0 /* App */,
				69A8862B22BC0A4B005FFCB0 /* Resources */,
				69A8862A22BC0A3C005FFCB0 /* Storybaords */,
				69A8862922BC0A29005FFCB0 /* View Controller */,
			);
			path = "Navigation Segue";
			sourceTree = "<group>";
		};
		69A8862822BC0A14005FFCB0 /* App */ = {
			isa = PBXGroup;
			children = (
				69A8861622BC0911005FFCB0 /* AppDelegate.swift */,
				69A8862222BC091A005FFCB0 /* Info.plist */,
			);
			path = App;
			sourceTree = "<group>";
		};
		69A8862922BC0A29005FFCB0 /* View Controller */ = {
			isa = PBXGroup;
			children = (
				69A8861822BC0911005FFCB0 /* ViewController.swift */,
			);
			path = "View Controller";
			sourceTree = "<group>";
		};
		69A8862A22BC0A3C005FFCB0 /* Storybaords */ = {
			isa = PBXGroup;
			children = (
				69A8861A22BC0911005FFCB0 /* Main.storyboard */,
				69A8861F22BC091A005FFCB0 /* LaunchScreen.storyboard */,
			);
			path = Storybaords;
			sourceTree = "<group>";
		};
		69A8862B22BC0A4B005FFCB0 /* Resources */ = {
			isa = PBXGroup;
			children = (
				69A8861D22BC091A005FFCB0 /* Assets.xcassets */,
			);
			path = Resources;
			sourceTree = "<group>";
		};
/* End PBXGroup section */

/* Begin PBXNativeTarget section */
		69A8861222BC0911005FFCB0 /* Navigation Segue */ = {
			isa = PBXNativeTarget;
			buildConfigurationList = 69A8862522BC091A005FFCB0 /* Build configuration list for PBXNativeTarget "Navigation Segue" */;
			buildPhases = (
				69A8860F22BC0911005FFCB0 /* Sources */,
				69A8861022BC0911005FFCB0 /* Frameworks */,
				69A8861122BC0911005FFCB0 /* Resources */,
			);
			buildRules = (
			);
			dependencies = (
			);
			name = "Navigation Segue";
			productName = "Navigation Segue";
			productReference = 69A8861322BC0911005FFCB0 /* Navigation Segue.app */;
			productType = "com.apple.product-type.application";
		};
/* End PBXNativeTarget section */

/* Begin PBXProject section */
		69A8860B22BC0911005FFCB0 /* Project object */ = {
			isa = PBXProject;
			attributes = {
				LastSwiftUpdateCheck = 1020;
				LastUpgradeCheck = 1020;
				ORGANIZATIONNAME = "Denis Bystruev";
				TargetAttributes = {
					69A8861222BC0911005FFCB0 = {
						CreatedOnToolsVersion = 10.2.1;
					};
				};
			};
			buildConfigurationList = 69A8860E22BC0911005FFCB0 /* Build configuration list for PBXProject "Navigation Segue" */;
			compatibilityVersion = "Xcode 9.3";
			developmentRegion = en;
			hasScannedForEncodings = 0;
			knownRegions = (
				en,
				Base,
			);
			mainGroup = 69A8860A22BC0911005FFCB0;
			productRefGroup = 69A8861422BC0911005FFCB0 /* Products */;
			projectDirPath = "";
			projectRoot = "";
			targets = (
				69A8861222BC0911005FFCB0 /* Navigation Segue */,
			);
		};
/* End PBXProject section */

/* Begin PBXResourcesBuildPhase section */
		69A8861122BC0911005FFCB0 /* Resources */ = {
			isa = PBXResourcesBuildPhase;
			buildActionMask = 2147483647;
			files = (
				69A8862122BC091A005FFCB0 /* LaunchScreen.storyboard in Resources */,
				69A8861E22BC091A005FFCB0 /* Assets.xcassets in Resources */,
				69A8861C22BC0911005FFCB0 /* Main.storyboard in Resources */,
			);
			runOnlyForDeploymentPostprocessing = 0;
		};
/* End PBXResourcesBuildPhase section */

/* Begin PBXSourcesBuildPhase section */
		69A8860F22BC0911005FFCB0 /* Sources */ = {
			isa = PBXSourcesBuildPhase;
			buildActionMask = 2147483647;
			files = (
				69A8861922BC0911005FFCB0 /* ViewController.swift in Sources */,
				69A8861722BC0911005FFCB0 /* AppDelegate.swift in Sources */,
			);
			runOnlyForDeploymentPostprocessing = 0;
		};
/* End PBXSourcesBuildPhase section */

/* Begin PBXVariantGroup section */
		69A8861A22BC0911005FFCB0 /* Main.storyboard */ = {
			isa = PBXVariantGroup;
			children = (
				69A8861B22BC0911005FFCB0 /* Base */,
			);
			name = Main.storyboard;
			sourceTree = "<group>";
		};
		69A8861F22BC091A005FFCB0 /* LaunchScreen.storyboard */ = {
			isa = PBXVariantGroup;
			children = (
				69A8862022BC091A005FFCB0 /* Base */,
			);
			name = LaunchScreen.storyboard;
			sourceTree = "<group>";
		};
/* End PBXVariantGroup section */

/* Begin XCBuildConfiguration section */
		69A8862322BC091A005FFCB0 /* Debug */ = {
			isa = XCBuildConfiguration;
			buildSettings = {
				ALWAYS_SEARCH_USER_PATHS = NO;
				CLANG_ANALYZER_NONNULL = YES;
				CLANG_ANALYZER_NUMBER_OBJECT_CONVERSION = YES_AGGRESSIVE;
				CLANG_CXX_LANGUAGE_STANDARD = "gnu++14";
				CLANG_CXX_LIBRARY = "libc++";
				CLANG_ENABLE_MODULES = YES;
				CLANG_ENABLE_OBJC_ARC = YES;
				CLANG_ENABLE_OBJC_WEAK = YES;
				CLANG_WARN_BLOCK_CAPTURE_AUTORELEASING = YES;
				CLANG_WARN_BOOL_CONVERSION = YES;
				CLANG_WARN_COMMA = YES;
				CLANG_WARN_CONSTANT_CONVERSION = YES;
				CLANG_WARN_DEPRECATED_OBJC_IMPLEMENTATIONS = YES;
				CLANG_WARN_DIRECT_OBJC_ISA_USAGE = YES_ERROR;
				CLANG_WARN_DOCUMENTATION_COMMENTS = YES;
				CLANG_WARN_EMPTY_BODY = YES;
				CLANG_WARN_ENUM_CONVERSION = YES;
				CLANG_WARN_INFINITE_RECURSION = YES;
				CLANG_WARN_INT_CONVERSION = YES;
				CLANG_WARN_NON_LITERAL_NULL_CONVERSION = YES;
				CLANG_WARN_OBJC_IMPLICIT_RETAIN_SELF = YES;
				CLANG_WARN_OBJC_LITERAL_CONVERSION = YES;
				CLANG_WARN_OBJC_ROOT_CLASS = YES_ERROR;
				CLANG_WARN_RANGE_LOOP_ANALYSIS = YES;
				CLANG_WARN_STRICT_PROTOTYPES = YES;
				CLANG_WARN_SUSPICIOUS_MOVE = YES;
				CLANG_WARN_UNGUARDED_AVAILABILITY = YES_AGGRESSIVE;
				CLANG_WARN_UNREACHABLE_CODE = YES;
				CLANG_WARN__DUPLICATE_METHOD_MATCH = YES;
				CODE_SIGN_IDENTITY = "iPhone Developer";
				COPY_PHASE_STRIP = NO;
				DEBUG_INFORMATION_FORMAT = dwarf;
				ENABLE_STRICT_OBJC_MSGSEND = YES;
				ENABLE_TESTABILITY = YES;
				GCC_C_LANGUAGE_STANDARD = gnu11;
				GCC_DYNAMIC_NO_PIC = NO;
				GCC_NO_COMMON_BLOCKS = YES;
				GCC_OPTIMIZATION_LEVEL = 0;
				GCC_PREPROCESSOR_DEFINITIONS = (
					"DEBUG=1",
					"$(inherited)",
				);
				GCC_WARN_64_TO_32_BIT_CONVERSION = YES;
				GCC_WARN_ABOUT_RETURN_TYPE = YES_ERROR;
				GCC_WARN_UNDECLARED_SELECTOR = YES;
				GCC_WARN_UNINITIALIZED_AUTOS = YES_AGGRESSIVE;
				GCC_WARN_UNUSED_FUNCTION = YES;
				GCC_WARN_UNUSED_VARIABLE = YES;
				IPHONEOS_DEPLOYMENT_TARGET = 12.2;
				MTL_ENABLE_DEBUG_INFO = INCLUDE_SOURCE;
				MTL_FAST_MATH = YES;
				ONLY_ACTIVE_ARCH = YES;
				SDKROOT = iphoneos;
				SWIFT_ACTIVE_COMPILATION_CONDITIONS = DEBUG;
				SWIFT_OPTIMIZATION_LEVEL = "-Onone";
			};
			name = Debug;
		};
		69A8862422BC091A005FFCB0 /* Release */ = {
			isa = XCBuildConfiguration;
			buildSettings = {
				ALWAYS_SEARCH_USER_PATHS = NO;
				CLANG_ANALYZER_NONNULL = YES;
				CLANG_ANALYZER_NUMBER_OBJECT_CONVERSION = YES_AGGRESSIVE;
				CLANG_CXX_LANGUAGE_STANDARD = "gnu++14";
				CLANG_CXX_LIBRARY = "libc++";
				CLANG_ENABLE_MODULES = YES;
				CLANG_ENABLE_OBJC_ARC = YES;
				CLANG_ENABLE_OBJC_WEAK = YES;
				CLANG_WARN_BLOCK_CAPTURE_AUTORELEASING = YES;
				CLANG_WARN_BOOL_CONVERSION = YES;
				CLANG_WARN_COMMA = YES;
				CLANG_WARN_CONSTANT_CONVERSION = YES;
				CLANG_WARN_DEPRECATED_OBJC_IMPLEMENTATIONS = YES;
				CLANG_WARN_DIRECT_OBJC_ISA_USAGE = YES_ERROR;
				CLANG_WARN_DOCUMENTATION_COMMENTS = YES;
				CLANG_WARN_EMPTY_BODY = YES;
				CLANG_WARN_ENUM_CONVERSION = YES;
				CLANG_WARN_INFINITE_RECURSION = YES;
				CLANG_WARN_INT_CONVERSION = YES;
				CLANG_WARN_NON_LITERAL_NULL_CONVERSION = YES;
				CLANG_WARN_OBJC_IMPLICIT_RETAIN_SELF = YES;
				CLANG_WARN_OBJC_LITERAL_CONVERSION = YES;
				CLANG_WARN_OBJC_ROOT_CLASS = YES_ERROR;
				CLANG_WARN_RANGE_LOOP_ANALYSIS = YES;
				CLANG_WARN_STRICT_PROTOTYPES = YES;
				CLANG_WARN_SUSPICIOUS_MOVE = YES;
				CLANG_WARN_UNGUARDED_AVAILABILITY = YES_AGGRESSIVE;
				CLANG_WARN_UNREACHABLE_CODE = YES;
				CLANG_WARN__DUPLICATE_METHOD_MATCH = YES;
				CODE_SIGN_IDENTITY = "iPhone Developer";
				COPY_PHASE_STRIP = NO;
				DEBUG_INFORMATION_FORMAT = "dwarf-with-dsym";
				ENABLE_NS_ASSERTIONS = NO;
				ENABLE_STRICT_OBJC_MSGSEND = YES;
				GCC_C_LANGUAGE_STANDARD = gnu11;
				GCC_NO_COMMON_BLOCKS = YES;
				GCC_WARN_64_TO_32_BIT_CONVERSION = YES;
				GCC_WARN_ABOUT_RETURN_TYPE = YES_ERROR;
				GCC_WARN_UNDECLARED_SELECTOR = YES;
				GCC_WARN_UNINITIALIZED_AUTOS = YES_AGGRESSIVE;
				GCC_WARN_UNUSED_FUNCTION = YES;
				GCC_WARN_UNUSED_VARIABLE = YES;
				IPHONEOS_DEPLOYMENT_TARGET = 12.2;
				MTL_ENABLE_DEBUG_INFO = NO;
				MTL_FAST_MATH = YES;
				SDKROOT = iphoneos;
				SWIFT_COMPILATION_MODE = wholemodule;
				SWIFT_OPTIMIZATION_LEVEL = "-O";
				VALIDATE_PRODUCT = YES;
			};
			name = Release;
		};
		69A8862622BC091A005FFCB0 /* Debug */ = {
			isa = XCBuildConfiguration;
			buildSettings = {
				ASSETCATALOG_COMPILER_APPICON_NAME = AppIcon;
				CODE_SIGN_STYLE = Automatic;
				DEVELOPMENT_TEAM = 8J39KF9DMS;
				INFOPLIST_FILE = "$(SRCROOT)/Navigation Segue/App/Info.plist";
				LD_RUNPATH_SEARCH_PATHS = (
					"$(inherited)",
					"@executable_path/Frameworks",
				);
				PRODUCT_BUNDLE_IDENTIFIER = "ru.learnSwift.Navigation-Segue";
				PRODUCT_NAME = "$(TARGET_NAME)";
				SWIFT_VERSION = 5.0;
				TARGETED_DEVICE_FAMILY = "1,2";
			};
			name = Debug;
		};
		69A8862722BC091A005FFCB0 /* Release */ = {
			isa = XCBuildConfiguration;
			buildSettings = {
				ASSETCATALOG_COMPILER_APPICON_NAME = AppIcon;
				CODE_SIGN_STYLE = Automatic;
				DEVELOPMENT_TEAM = 8J39KF9DMS;
				INFOPLIST_FILE = "$(SRCROOT)/Navigation Segue/App/Info.plist";
				LD_RUNPATH_SEARCH_PATHS = (
					"$(inherited)",
					"@executable_path/Frameworks",
				);
				PRODUCT_BUNDLE_IDENTIFIER = "ru.learnSwift.Navigation-Segue";
				PRODUCT_NAME = "$(TARGET_NAME)";
				SWIFT_VERSION = 5.0;
				TARGETED_DEVICE_FAMILY = "1,2";
			};
			name = Release;
		};
/* End XCBuildConfiguration section */

/* Begin XCConfigurationList section */
		69A8860E22BC0911005FFCB0 /* Build configuration list for PBXProject "Navigation Segue" */ = {
			isa = XCConfigurationList;
			buildConfigurations = (
				69A8862322BC091A005FFCB0 /* Debug */,
				69A8862422BC091A005FFCB0 /* Release */,
			);
			defaultConfigurationIsVisible = 0;
			defaultConfigurationName = Release;
		};
		69A8862522BC091A005FFCB0 /* Build configuration list for PBXNativeTarget "Navigation Segue" */ = {
			isa = XCConfigurationList;
			buildConfigurations = (
				69A8862622BC091A005FFCB0 /* Debug */,
				69A8862722BC091A005FFCB0 /* Release */,
			);
			defaultConfigurationIsVisible = 0;
			defaultConfigurationName = Release;
		};
/* End XCConfigurationList section */
	};
	rootObject = 69A8860B22BC0911005FFCB0 /* Project object */;
}
